
Microsoft Visual Studio Solution File, Format Version 12.00
# Visual Studio Version 17
VisualStudioVersion = 17.3.32901.215
MinimumVisualStudioVersion = 10.0.40219.1
Project("{FAE04EC0-301F-11D3-BF4B-00C04F79EFBC}") = "ArquiMac_History", "ArquiMac_History\ArquiMac_History.csproj", "{5DF36683-6CAE-44B3-9746-62A4AB9C0152}"
EndProject
Global
	GlobalSection(SolutionConfigurationPlatforms) = preSolution
		Debug|Any CPU = Debug|Any CPU
		Release|Any CPU = Release|Any CPU
	EndGlobalSection
	GlobalSection(ProjectConfigurationPlatforms) = postSolution
		{5DF36683-6CAE-44B3-9746-62A4AB9C0152}.Debug|Any CPU.ActiveCfg = Debug|Any CPU
		{5DF36683-6CAE-44B3-9746-62A4AB9C0152}.Debug|Any CPU.Build.0 = Debug|Any CPU
		{5DF36683-6CAE-44B3-9746-62A4AB9C0152}.Release|Any CPU.ActiveCfg = Release|Any CPU
		{5DF36683-6CAE-44B3-9746-62A4AB9C0152}.Release|Any CPU.Build.0 = Release|Any CPU
	EndGlobalSection
	GlobalSection(SolutionProperties) = preSolution
		HideSolutionNode = FALSE
	EndGlobalSection
	GlobalSection(ExtensibilityGlobals) = postSolution
		SolutionGuid = {16C87485-BC4E-4D65-A36A-BCDCF1B8196D}
	EndGlobalSection
EndGlobal
